// !$*UTF8*$!
{
	archiveVersion = 1;
	classes = {
	};
	objectVersion = 46;
	objects = {

/* Begin PBXBuildFile section */
		E1AE0C78145DD90B00C5DB44 /* main.cpp in Sources */ = {isa = PBXBuildFile; fileRef = E1AE0C77145DD90B00C5DB44 /* main.cpp */; };
		E1AE0C7A145DD90B00C5DB44 /* SamsFriends.1 in CopyFiles */ = {isa = PBXBuildFile; fileRef = E1AE0C79145DD90B00C5DB44 /* SamsFriends.1 */; };
		E1FCB6DE145DDA1E00B311B1 /* numberFunctions.cpp in Sources */ = {isa = PBXBuildFile; fileRef = E1FCB6DD145DDA1E00B311B1 /* numberFunctions.cpp */; };
		E1FCB6E0145DDA2800B311B1 /* EuclideanLine.cpp in Sources */ = {isa = PBXBuildFile; fileRef = E1FCB6DF145DDA2800B311B1 /* EuclideanLine.cpp */; };
		E1FCB6E4145DDA4200B311B1 /* argFunctions.cpp in Sources */ = {isa = PBXBuildFile; fileRef = E1FCB6E3145DDA4200B311B1 /* argFunctions.cpp */; };
		E1FCB6E6145DDA4900B311B1 /* gcdCalculation.cpp in Sources */ = {isa = PBXBuildFile; fileRef = E1FCB6E5145DDA4900B311B1 /* gcdCalculation.cpp */; };
		E1FCB6E9145DDAFE00B311B1 /* friendGrid.cpp in Sources */ = {isa = PBXBuildFile; fileRef = E1FCB6E8145DDAFE00B311B1 /* friendGrid.cpp */; };
		E1FCB6F0145DDB7500B311B1 /* personInGrid.cpp in Sources */ = {isa = PBXBuildFile; fileRef = E1FCB6EF145DDB7500B311B1 /* personInGrid.cpp */; };
		E1FCB700145E377800B311B1 /* libMagick++.5.dylib in Frameworks */ = {isa = PBXBuildFile; fileRef = E1FCB6FF145E377800B311B1 /* libMagick++.5.dylib */; };
/* End PBXBuildFile section */

/* Begin PBXCopyFilesBuildPhase section */
		E1AE0C71145DD90B00C5DB44 /* CopyFiles */ = {
			isa = PBXCopyFilesBuildPhase;
			buildActionMask = 2147483647;
			dstPath = /usr/share/man/man1/;
			dstSubfolderSpec = 0;
			files = (
				E1AE0C7A145DD90B00C5DB44 /* SamsFriends.1 in CopyFiles */,
			);
			runOnlyForDeploymentPostprocessing = 1;
		};
/* End PBXCopyFilesBuildPhase section */

/* Begin PBXFileReference section */
		E1AE0C73145DD90B00C5DB44 /* SamsFriends */ = {isa = PBXFileReference; explicitFileType = "compiled.mach-o.executable"; includeInIndex = 0; path = SamsFriends; sourceTree = BUILT_PRODUCTS_DIR; };
		E1AE0C77145DD90B00C5DB44 /* main.cpp */ = {isa = PBXFileReference; lastKnownFileType = sourcecode.cpp.cpp; path = main.cpp; sourceTree = "<group>"; };
		E1AE0C79145DD90B00C5DB44 /* SamsFriends.1 */ = {isa = PBXFileReference; lastKnownFileType = text.man; path = SamsFriends.1; sourceTree = "<group>"; };
		E1FCB6DB145DDA1600B311B1 /* numberFunctions.h */ = {isa = PBXFileReference; fileEncoding = 4; lastKnownFileType = sourcecode.c.h; path = numberFunctions.h; sourceTree = "<group>"; };
		E1FCB6DD145DDA1E00B311B1 /* numberFunctions.cpp */ = {isa = PBXFileReference; fileEncoding = 4; lastKnownFileType = sourcecode.cpp.cpp; path = numberFunctions.cpp; sourceTree = "<group>"; };
		E1FCB6DF145DDA2800B311B1 /* EuclideanLine.cpp */ = {isa = PBXFileReference; fileEncoding = 4; lastKnownFileType = sourcecode.cpp.cpp; path = EuclideanLine.cpp; sourceTree = "<group>"; };
		E1FCB6E1145DDA2D00B311B1 /* EuclideanLine.h */ = {isa = PBXFileReference; fileEncoding = 4; lastKnownFileType = sourcecode.c.h; path = EuclideanLine.h; sourceTree = "<group>"; };
		E1FCB6E2145DDA3800B311B1 /* argFunctions.h */ = {isa = PBXFileReference; fileEncoding = 4; lastKnownFileType = sourcecode.c.h; path = argFunctions.h; sourceTree = "<group>"; };
		E1FCB6E3145DDA4200B311B1 /* argFunctions.cpp */ = {isa = PBXFileReference; fileEncoding = 4; lastKnownFileType = sourcecode.cpp.cpp; path = argFunctions.cpp; sourceTree = "<group>"; };
		E1FCB6E5145DDA4900B311B1 /* gcdCalculation.cpp */ = {isa = PBXFileReference; fileEncoding = 4; lastKnownFileType = sourcecode.cpp.cpp; path = gcdCalculation.cpp; sourceTree = "<group>"; };
		E1FCB6E7145DDA4E00B311B1 /* gcdCalculation.h */ = {isa = PBXFileReference; fileEncoding = 4; lastKnownFileType = sourcecode.c.h; path = gcdCalculation.h; sourceTree = "<group>"; };
		E1FCB6E8145DDAFE00B311B1 /* friendGrid.cpp */ = {isa = PBXFileReference; fileEncoding = 4; lastKnownFileType = sourcecode.cpp.cpp; path = friendGrid.cpp; sourceTree = "<group>"; };
		E1FCB6EA145DDB2100B311B1 /* friendGrid.h */ = {isa = PBXFileReference; fileEncoding = 4; lastKnownFileType = sourcecode.c.h; path = friendGrid.h; sourceTree = "<group>"; };
		E1FCB6EF145DDB7500B311B1 /* personInGrid.cpp */ = {isa = PBXFileReference; fileEncoding = 4; lastKnownFileType = sourcecode.cpp.cpp; path = personInGrid.cpp; sourceTree = "<group>"; };
		E1FCB6F1145DDB8C00B311B1 /* personInGrid.h */ = {isa = PBXFileReference; fileEncoding = 4; lastKnownFileType = sourcecode.c.h; path = personInGrid.h; sourceTree = "<group>"; };
		E1FCB6FF145E377800B311B1 /* libMagick++.5.dylib */ = {isa = PBXFileReference; lastKnownFileType = "compiled.mach-o.dylib"; path = "libMagick++.5.dylib"; sourceTree = "<group>"; };
/* End PBXFileReference section */

/* Begin PBXFrameworksBuildPhase section */
		E1AE0C70145DD90B00C5DB44 /* Frameworks */ = {
			isa = PBXFrameworksBuildPhase;
			buildActionMask = 2147483647;
			files = (
				E1FCB700145E377800B311B1 /* libMagick++.5.dylib in Frameworks */,
			);
			runOnlyForDeploymentPostprocessing = 0;
		};
/* End PBXFrameworksBuildPhase section */

/* Begin PBXGroup section */
		E1AE0C68145DD90A00C5DB44 = {
			isa = PBXGroup;
			children = (
				E1AE0C76145DD90B00C5DB44 /* SamsFriends */,
				E1AE0C74145DD90B00C5DB44 /* Products */,
			);
			sourceTree = "<group>";
		};
		E1AE0C74145DD90B00C5DB44 /* Products */ = {
			isa = PBXGroup;
			children = (
				E1AE0C73145DD90B00C5DB44 /* SamsFriends */,
			);
			name = Products;
			sourceTree = "<group>";
		};
		E1AE0C76145DD90B00C5DB44 /* SamsFriends */ = {
			isa = PBXGroup;
			children = (
				E1AE0C77145DD90B00C5DB44 /* main.cpp */,
				E1AE0C79145DD90B00C5DB44 /* SamsFriends.1 */,
				E1FCB6EF145DDB7500B311B1 /* personInGrid.cpp */,
				E1FCB6F1145DDB8C00B311B1 /* personInGrid.h */,
				E1FCB6E2145DDA3800B311B1 /* argFunctions.h */,
				E1FCB6E5145DDA4900B311B1 /* gcdCalculation.cpp */,
				E1FCB6DD145DDA1E00B311B1 /* numberFunctions.cpp */,
				E1FCB6E8145DDAFE00B311B1 /* friendGrid.cpp */,
				E1FCB6EA145DDB2100B311B1 /* friendGrid.h */,
				E1FCB6E3145DDA4200B311B1 /* argFunctions.cpp */,
				E1FCB6E1145DDA2D00B311B1 /* EuclideanLine.h */,
				E1FCB6FF145E377800B311B1 /* libMagick++.5.dylib */,
				E1FCB6E7145DDA4E00B311B1 /* gcdCalculation.h */,
				E1FCB6DB145DDA1600B311B1 /* numberFunctions.h */,
				E1FCB6DF145DDA2800B311B1 /* EuclideanLine.cpp */,
			);
			path = SamsFriends;
			sourceTree = "<group>";
		};
/* End PBXGroup section */

/* Begin PBXNativeTarget section */
		E1AE0C72145DD90B00C5DB44 /* SamsFriends */ = {
			isa = PBXNativeTarget;
			buildConfigurationList = E1AE0C7D145DD90B00C5DB44 /* Build configuration list for PBXNativeTarget "SamsFriends" */;
			buildPhases = (
				E1AE0C6F145DD90B00C5DB44 /* Sources */,
				E1AE0C70145DD90B00C5DB44 /* Frameworks */,
				E1AE0C71145DD90B00C5DB44 /* CopyFiles */,
			);
			buildRules = (
			);
			dependencies = (
			);
			name = SamsFriends;
			productName = SamsFriends;
			productReference = E1AE0C73145DD90B00C5DB44 /* SamsFriends */;
			productType = "com.apple.product-type.tool";
		};
/* End PBXNativeTarget section */

/* Begin PBXProject section */
		E1AE0C6A145DD90A00C5DB44 /* Project object */ = {
			isa = PBXProject;
			buildConfigurationList = E1AE0C6D145DD90A00C5DB44 /* Build configuration list for PBXProject "SamsFriends" */;
			compatibilityVersion = "Xcode 3.2";
			developmentRegion = English;
			hasScannedForEncodings = 0;
			knownRegions = (
				en,
			);
			mainGroup = E1AE0C68145DD90A00C5DB44;
			productRefGroup = E1AE0C74145DD90B00C5DB44 /* Products */;
			projectDirPath = "";
			projectRoot = "";
			targets = (
				E1AE0C72145DD90B00C5DB44 /* SamsFriends */,
			);
		};
/* End PBXProject section */

/* Begin PBXSourcesBuildPhase section */
		E1AE0C6F145DD90B00C5DB44 /* Sources */ = {
			isa = PBXSourcesBuildPhase;
			buildActionMask = 2147483647;
			files = (
				E1AE0C78145DD90B00C5DB44 /* main.cpp in Sources */,
				E1FCB6DE145DDA1E00B311B1 /* numberFunctions.cpp in Sources */,
				E1FCB6E0145DDA2800B311B1 /* EuclideanLine.cpp in Sources */,
				E1FCB6E4145DDA4200B311B1 /* argFunctions.cpp in Sources */,
				E1FCB6E6145DDA4900B311B1 /* gcdCalculation.cpp in Sources */,
				E1FCB6E9145DDAFE00B311B1 /* friendGrid.cpp in Sources */,
				E1FCB6F0145DDB7500B311B1 /* personInGrid.cpp in Sources */,
			);
			runOnlyForDeploymentPostprocessing = 0;
		};
/* End PBXSourcesBuildPhase section */

/* Begin XCBuildConfiguration section */
		E1AE0C7B145DD90B00C5DB44 /* Debug */ = {
			isa = XCBuildConfiguration;
			buildSettings = {
				ALWAYS_SEARCH_USER_PATHS = NO;
				ARCHS = "$(ARCHS_STANDARD_64_BIT)";
				COPY_PHASE_STRIP = NO;
				GCC_C_LANGUAGE_STANDARD = gnu99;
				GCC_DYNAMIC_NO_PIC = NO;
				GCC_ENABLE_OBJC_EXCEPTIONS = YES;
				GCC_OPTIMIZATION_LEVEL = 0;
				GCC_PREPROCESSOR_DEFINITIONS = (
					"DEBUG=1",
					"$(inherited)",
				);
				GCC_SYMBOLS_PRIVATE_EXTERN = NO;
				GCC_VERSION = com.apple.compilers.llvm.clang.1_0;
				GCC_WARN_64_TO_32_BIT_CONVERSION = YES;
				GCC_WARN_ABOUT_MISSING_PROTOTYPES = YES;
				GCC_WARN_ABOUT_RETURN_TYPE = YES;
				GCC_WARN_UNUSED_VARIABLE = YES;
				"HEADER_SEARCH_PATHS[arch=*]" = /opt/local/include/ImageMagick;
				MACOSX_DEPLOYMENT_TARGET = 10.7;
				ONLY_ACTIVE_ARCH = YES;
				SDKROOT = macosx;
			};
			name = Debug;
		};
		E1AE0C7C145DD90B00C5DB44 /* Release */ = {
			isa = XCBuildConfiguration;
			buildSettings = {
				ALWAYS_SEARCH_USER_PATHS = NO;
				ARCHS = "$(ARCHS_STANDARD_64_BIT)";
				COPY_PHASE_STRIP = YES;
				DEBUG_INFORMATION_FORMAT = "dwarf-with-dsym";
				GCC_C_LANGUAGE_STANDARD = gnu99;
				GCC_ENABLE_OBJC_EXCEPTIONS = YES;
				GCC_VERSION = com.apple.compilers.llvm.clang.1_0;
				GCC_WARN_64_TO_32_BIT_CONVERSION = YES;
				GCC_WARN_ABOUT_MISSING_PROTOTYPES = YES;
				GCC_WARN_ABOUT_RETURN_TYPE = YES;
				GCC_WARN_UNUSED_VARIABLE = YES;
				MACOSX_DEPLOYMENT_TARGET = 10.7;
				SDKROOT = macosx;
			};
			name = Release;
		};
		E1AE0C7E145DD90B00C5DB44 /* Debug */ = {
			isa = XCBuildConfiguration;
			buildSettings = {
				ALWAYS_SEARCH_USER_PATHS = NO;
				LIBRARY_SEARCH_PATHS = (
					"$(inherited)",
					"\"$(SRCROOT)/SamsFriends\"",
				);
				"OTHER_CPLUSPLUSFLAGS[arch=*]" = "$(OTHER_CFLAGS)";
				PRODUCT_NAME = "$(TARGET_NAME)";
			};
			name = Debug;
		};
		E1AE0C7F145DD90B00C5DB44 /* Release */ = {
			isa = XCBuildConfiguration;
			buildSettings = {
				ALWAYS_SEARCH_USER_PATHS = NO;
				LIBRARY_SEARCH_PATHS = (
					"$(inherited)",
					"\"$(SRCROOT)/SamsFriends\"",
				);
				PRODUCT_NAME = "$(TARGET_NAME)";
			};
			name = Release;
		};
/* End XCBuildConfiguration section */

/* Begin XCConfigurationList section */
		E1AE0C6D145DD90A00C5DB44 /* Build configuration list for PBXProject "SamsFriends" */ = {
			isa = XCConfigurationList;
			buildConfigurations = (
				E1AE0C7B145DD90B00C5DB44 /* Debug */,
				E1AE0C7C145DD90B00C5DB44 /* Release */,
			);
			defaultConfigurationIsVisible = 0;
			defaultConfigurationName = Release;
		};
		E1AE0C7D145DD90B00C5DB44 /* Build configuration list for PBXNativeTarget "SamsFriends" */ = {
			isa = XCConfigurationList;
			buildConfigurations = (
				E1AE0C7E145DD90B00C5DB44 /* Debug */,
				E1AE0C7F145DD90B00C5DB44 /* Release */,
			);
			defaultConfigurationIsVisible = 0;
			defaultConfigurationName = Release;
		};
/* End XCConfigurationList section */
	};
	rootObject = E1AE0C6A145DD90A00C5DB44 /* Project object */;
}
